
Microsoft Visual Studio Solution File, Format Version 12.00
# Visual Studio Version 17
VisualStudioVersion = 17.0.31903.59
MinimumVisualStudioVersion = 10.0.40219.1
Project("{FAE04EC0-301F-11D3-BF4B-00C04F79EFBC}") = "NetfXtended.Core", "NetfXtended.Core\NetfXtended.Core.csproj", "{2FC64B37-CD1F-4351-B0A2-C8DA0CB323DE}"
EndProject
Project("{FAE04EC0-301F-11D3-BF4B-00C04F79EFBC}") = "NetfXtended.WinForms", "NetfXtended.WinForms\NetfXtended.WinForms.csproj", "{1447864F-F92F-4E3C-8D19-6B5DAF59D5B7}"
EndProject
Project("{FAE04EC0-301F-11D3-BF4B-00C04F79EFBC}") = "NetfXtended.Tests", "NetfXtended.Tests\NetfXtended.Tests.csproj", "{FBF4E65C-8736-43E4-90C4-A2E2BDA16CF6}"
EndProject
Global
	GlobalSection(SolutionConfigurationPlatforms) = preSolution
		Debug|Any CPU = Debug|Any CPU
		Debug|x64 = Debug|x64
		Debug|x86 = Debug|x86
		Release|Any CPU = Release|Any CPU
		Release|x64 = Release|x64
		Release|x86 = Release|x86
	EndGlobalSection
	GlobalSection(ProjectConfigurationPlatforms) = postSolution
		{2FC64B37-CD1F-4351-B0A2-C8DA0CB323DE}.Debug|Any CPU.ActiveCfg = Debug|Any CPU
		{2FC64B37-CD1F-4351-B0A2-C8DA0CB323DE}.Debug|Any CPU.Build.0 = Debug|Any CPU
		{2FC64B37-CD1F-4351-B0A2-C8DA0CB323DE}.Debug|x64.ActiveCfg = Debug|Any CPU
		{2FC64B37-CD1F-4351-B0A2-C8DA0CB323DE}.Debug|x64.Build.0 = Debug|Any CPU
		{2FC64B37-CD1F-4351-B0A2-C8DA0CB323DE}.Debug|x86.ActiveCfg = Debug|Any CPU
		{2FC64B37-CD1F-4351-B0A2-C8DA0CB323DE}.Debug|x86.Build.0 = Debug|Any CPU
		{2FC64B37-CD1F-4351-B0A2-C8DA0CB323DE}.Release|Any CPU.ActiveCfg = Release|Any CPU
		{2FC64B37-CD1F-4351-B0A2-C8DA0CB323DE}.Release|Any CPU.Build.0 = Release|Any CPU
		{2FC64B37-CD1F-4351-B0A2-C8DA0CB323DE}.Release|x64.ActiveCfg = Release|Any CPU
		{2FC64B37-CD1F-4351-B0A2-C8DA0CB323DE}.Release|x64.Build.0 = Release|Any CPU
		{2FC64B37-CD1F-4351-B0A2-C8DA0CB323DE}.Release|x86.ActiveCfg = Release|Any CPU
		{2FC64B37-CD1F-4351-B0A2-C8DA0CB323DE}.Release|x86.Build.0 = Release|Any CPU
		{1447864F-F92F-4E3C-8D19-6B5DAF59D5B7}.Debug|Any CPU.ActiveCfg = Debug|Any CPU
		{1447864F-F92F-4E3C-8D19-6B5DAF59D5B7}.Debug|Any CPU.Build.0 = Debug|Any CPU
		{1447864F-F92F-4E3C-8D19-6B5DAF59D5B7}.Debug|x64.ActiveCfg = Debug|Any CPU
		{1447864F-F92F-4E3C-8D19-6B5DAF59D5B7}.Debug|x64.Build.0 = Debug|Any CPU
		{1447864F-F92F-4E3C-8D19-6B5DAF59D5B7}.Debug|x86.ActiveCfg = Debug|Any CPU
		{1447864F-F92F-4E3C-8D19-6B5DAF59D5B7}.Debug|x86.Build.0 = Debug|Any CPU
		{1447864F-F92F-4E3C-8D19-6B5DAF59D5B7}.Release|Any CPU.ActiveCfg = Release|Any CPU
		{1447864F-F92F-4E3C-8D19-6B5DAF59D5B7}.Release|Any CPU.Build.0 = Release|Any CPU
		{1447864F-F92F-4E3C-8D19-6B5DAF59D5B7}.Release|x64.ActiveCfg = Release|Any CPU
		{1447864F-F92F-4E3C-8D19-6B5DAF59D5B7}.Release|x64.Build.0 = Release|Any CPU
		{1447864F-F92F-4E3C-8D19-6B5DAF59D5B7}.Release|x86.ActiveCfg = Release|Any CPU
		{1447864F-F92F-4E3C-8D19-6B5DAF59D5B7}.Release|x86.Build.0 = Release|Any CPU
		{FBF4E65C-8736-43E4-90C4-A2E2BDA16CF6}.Debug|Any CPU.ActiveCfg = Debug|Any CPU
		{FBF4E65C-8736-43E4-90C4-A2E2BDA16CF6}.Debug|Any CPU.Build.0 = Debug|Any CPU
		{FBF4E65C-8736-43E4-90C4-A2E2BDA16CF6}.Debug|x64.ActiveCfg = Debug|Any CPU
		{FBF4E65C-8736-43E4-90C4-A2E2BDA16CF6}.Debug|x64.Build.0 = Debug|Any CPU
		{FBF4E65C-8736-43E4-90C4-A2E2BDA16CF6}.Debug|x86.ActiveCfg = Debug|Any CPU
		{FBF4E65C-8736-43E4-90C4-A2E2BDA16CF6}.Debug|x86.Build.0 = Debug|Any CPU
		{FBF4E65C-8736-43E4-90C4-A2E2BDA16CF6}.Release|Any CPU.ActiveCfg = Release|Any CPU
		{FBF4E65C-8736-43E4-90C4-A2E2BDA16CF6}.Release|Any CPU.Build.0 = Release|Any CPU
		{FBF4E65C-8736-43E4-90C4-A2E2BDA16CF6}.Release|x64.ActiveCfg = Release|Any CPU
		{FBF4E65C-8736-43E4-90C4-A2E2BDA16CF6}.Release|x64.Build.0 = Release|Any CPU
		{FBF4E65C-8736-43E4-90C4-A2E2BDA16CF6}.Release|x86.ActiveCfg = Release|Any CPU
		{FBF4E65C-8736-43E4-90C4-A2E2BDA16CF6}.Release|x86.Build.0 = Release|Any CPU
	EndGlobalSection
	GlobalSection(SolutionProperties) = preSolution
		HideSolutionNode = FALSE
	EndGlobalSection
EndGlobal
